
Microsoft Visual Studio Solution File, Format Version 12.00
# Visual Studio Version 16
VisualStudioVersion = 16.0.31729.503
MinimumVisualStudioVersion = 10.0.40219.1
Project("{9A19103F-16F7-4668-BE54-9A1E7A4F7556}") = "Task_1", "Task_1\Task_1.csproj", "{26FACC46-9186-40CA-8434-361664B2BF72}"
EndProject
Project("{FAE04EC0-301F-11D3-BF4B-00C04F79EFBC}") = "Task_2", "Task_2\Task_2.csproj", "{14DA2CCE-9119-4780-A994-CCE309B2B1FB}"
EndProject
Global
	GlobalSection(SolutionConfigurationPlatforms) = preSolution
		Debug|Any CPU = Debug|Any CPU
		Release|Any CPU = Release|Any CPU
	EndGlobalSection
	GlobalSection(ProjectConfigurationPlatforms) = postSolution
		{26FACC46-9186-40CA-8434-361664B2BF72}.Debug|Any CPU.ActiveCfg = Debug|Any CPU
		{26FACC46-9186-40CA-8434-361664B2BF72}.Debug|Any CPU.Build.0 = Debug|Any CPU
		{26FACC46-9186-40CA-8434-361664B2BF72}.Release|Any CPU.ActiveCfg = Release|Any CPU
		{26FACC46-9186-40CA-8434-361664B2BF72}.Release|Any CPU.Build.0 = Release|Any CPU
		{14DA2CCE-9119-4780-A994-CCE309B2B1FB}.Debug|Any CPU.ActiveCfg = Debug|Any CPU
		{14DA2CCE-9119-4780-A994-CCE309B2B1FB}.Debug|Any CPU.Build.0 = Debug|Any CPU
		{14DA2CCE-9119-4780-A994-CCE309B2B1FB}.Release|Any CPU.ActiveCfg = Release|Any CPU
		{14DA2CCE-9119-4780-A994-CCE309B2B1FB}.Release|Any CPU.Build.0 = Release|Any CPU
	EndGlobalSection
	GlobalSection(SolutionProperties) = preSolution
		HideSolutionNode = FALSE
	EndGlobalSection
	GlobalSection(ExtensibilityGlobals) = postSolution
		SolutionGuid = {E2122226-A9B8-405E-ACE5-4F994D85A4C7}
	EndGlobalSection
EndGlobal
